# This file is automatically @generated by Poetry 2.5.1 and should not be changed by hand.

[[package]]
name = "numpy"
version = "1.26.4"
description = "Fundamental package for array computing in Python"
optional = false
python-versions = ">=3.9"
groups = ["main"]
files = []

[[package]]
name = "pytest"
version = "8.3.4"
description = "pytest: simple powerful testing with Python and JUnit XML reporting"
optional = false
python-versions = ">=3.8"
groups = ["dev"]
files = []

[metadata]
lock-version = "2.1"
python-versions = ">=3.10"
content-hash = "0000000000000000000000000000000000000000000000000000000000000"
